// !$*UTF8*$!
{
	archiveVersion = 1;
	classes = {
	};
	objectVersion = 55;
	objects = {

/* Begin PBXBuildFile section */
		F82E2C6D283E727C00E692AB /* Tests_iOS.swift in Sources */ = {isa = PBXBuildFile; fileRef = F82E2C6C283E727C00E692AB /* Tests_iOS.swift */; };
		F82E2C6F283E727C00E692AB /* Tests_iOSLaunchTests.swift in Sources */ = {isa = PBXBuildFile; fileRef = F82E2C6E283E727C00E692AB /* Tests_iOSLaunchTests.swift */; };
		F82E2C79283E727C00E692AB /* Tests_macOS.swift in Sources */ = {isa = PBXBuildFile; fileRef = F82E2C78283E727C00E692AB /* Tests_macOS.swift */; };
		F82E2C7B283E727C00E692AB /* Tests_macOSLaunchTests.swift in Sources */ = {isa = PBXBuildFile; fileRef = F82E2C7A283E727C00E692AB /* Tests_macOSLaunchTests.swift */; };
		F82E2C7C283E727C00E692AB /* iExpenseApp.swift in Sources */ = {isa = PBXBuildFile; fileRef = F82E2C54283E727900E692AB /* iExpenseApp.swift */; };
		F82E2C7D283E727C00E692AB /* iExpenseApp.swift in Sources */ = {isa = PBXBuildFile; fileRef = F82E2C54283E727900E692AB /* iExpenseApp.swift */; };
		F82E2C7E283E727C00E692AB /* ContentView.swift in Sources */ = {isa = PBXBuildFile; fileRef = F82E2C55283E727900E692AB /* ContentView.swift */; };
		F82E2C7F283E727C00E692AB /* ContentView.swift in Sources */ = {isa = PBXBuildFile; fileRef = F82E2C55283E727900E692AB /* ContentView.swift */; };
		F82E2C80283E727C00E692AB /* Assets.xcassets in Resources */ = {isa = PBXBuildFile; fileRef = F82E2C56283E727C00E692AB /* Assets.xcassets */; };
		F82E2C81283E727C00E692AB /* Assets.xcassets in Resources */ = {isa = PBXBuildFile; fileRef = F82E2C56283E727C00E692AB /* Assets.xcassets */; };
/* End PBXBuildFile section */

/* Begin PBXContainerItemProxy section */
		F82E2C69283E727C00E692AB /* PBXContainerItemProxy */ = {
			isa = PBXContainerItemProxy;
			containerPortal = F82E2C4F283E727900E692AB /* Project object */;
			proxyType = 1;
			remoteGlobalIDString = F82E2C5A283E727C00E692AB;
			remoteInfo = "iExpense (iOS)";
		};
		F82E2C75283E727C00E692AB /* PBXContainerItemProxy */ = {
			isa = PBXContainerItemProxy;
			containerPortal = F82E2C4F283E727900E692AB /* Project object */;
			proxyType = 1;
			remoteGlobalIDString = F82E2C60283E727C00E692AB;
			remoteInfo = "iExpense (macOS)";
		};
/* End PBXContainerItemProxy section */

/* Begin PBXFileReference section */
		F82E2C54283E727900E692AB /* iExpenseApp.swift */ = {isa = PBXFileReference; lastKnownFileType = sourcecode.swift; path = iExpenseApp.swift; sourceTree = "<group>"; };
		F82E2C55283E727900E692AB /* ContentView.swift */ = {isa = PBXFileReference; lastKnownFileType = sourcecode.swift; path = ContentView.swift; sourceTree = "<group>"; };
		F82E2C56283E727C00E692AB /* Assets.xcassets */ = {isa = PBXFileReference; lastKnownFileType = folder.assetcatalog; path = Assets.xcassets; sourceTree = "<group>"; };
		F82E2C5B283E727C00E692AB /* iExpense.app */ = {isa = PBXFileReference; explicitFileType = wrapper.application; includeInIndex = 0; path = iExpense.app; sourceTree = BUILT_PRODUCTS_DIR; };
		F82E2C61283E727C00E692AB /* iExpense.app */ = {isa = PBXFileReference; explicitFileType = wrapper.application; includeInIndex = 0; path = iExpense.app; sourceTree = BUILT_PRODUCTS_DIR; };
		F82E2C63283E727C00E692AB /* macOS.entitlements */ = {isa = PBXFileReference; lastKnownFileType = text.plist.entitlements; path = macOS.entitlements; sourceTree = "<group>"; };
		F82E2C68283E727C00E692AB /* Tests iOS.xctest */ = {isa = PBXFileReference; explicitFileType = wrapper.cfbundle; includeInIndex = 0; path = "Tests iOS.xctest"; sourceTree = BUILT_PRODUCTS_DIR; };
		F82E2C6C283E727C00E692AB /* Tests_iOS.swift */ = {isa = PBXFileReference; lastKnownFileType = sourcecode.swift; path = Tests_iOS.swift; sourceTree = "<group>"; };
		F82E2C6E283E727C00E692AB /* Tests_iOSLaunchTests.swift */ = {isa = PBXFileReference; lastKnownFileType = sourcecode.swift; path = Tests_iOSLaunchTests.swift; sourceTree = "<group>"; };
		F82E2C74283E727C00E692AB /* Tests macOS.xctest */ = {isa = PBXFileReference; explicitFileType = wrapper.cfbundle; includeInIndex = 0; path = "Tests macOS.xctest"; sourceTree = BUILT_PRODUCTS_DIR; };
		F82E2C78283E727C00E692AB /* Tests_macOS.swift */ = {isa = PBXFileReference; lastKnownFileType = sourcecode.swift; path = Tests_macOS.swift; sourceTree = "<group>"; };
		F82E2C7A283E727C00E692AB /* Tests_macOSLaunchTests.swift */ = {isa = PBXFileReference; lastKnownFileType = sourcecode.swift; path = Tests_macOSLaunchTests.swift; sourceTree = "<group>"; };
/* End PBXFileReference section */

/* Begin PBXFrameworksBuildPhase section */
		F82E2C58283E727C00E692AB /* Frameworks */ = {
			isa = PBXFrameworksBuildPhase;
			buildActionMask = 2147483647;
			files = (
			);
			runOnlyForDeploymentPostprocessing = 0;
		};
		F82E2C5E283E727C00E692AB /* Frameworks */ = {
			isa = PBXFrameworksBuildPhase;
			buildActionMask = 2147483647;
			files = (
			);
			runOnlyForDeploymentPostprocessing = 0;
		};
		F82E2C65283E727C00E692AB /* Frameworks */ = {
			isa = PBXFrameworksBuildPhase;
			buildActionMask = 2147483647;
			files = (
			);
			runOnlyForDeploymentPostprocessing = 0;
		};
		F82E2C71283E727C00E692AB /* Frameworks */ = {
			isa = PBXFrameworksBuildPhase;
			buildActionMask = 2147483647;
			files = (
			);
			runOnlyForDeploymentPostprocessing = 0;
		};
/* End PBXFrameworksBuildPhase section */

/* Begin PBXGroup section */
		F82E2C4E283E727900E692AB = {
			isa = PBXGroup;
			children = (
				F82E2C53283E727900E692AB /* Shared */,
				F82E2C62283E727C00E692AB /* macOS */,
				F82E2C6B283E727C00E692AB /* Tests iOS */,
				F82E2C77283E727C00E692AB /* Tests macOS */,
				F82E2C5C283E727C00E692AB /* Products */,
			);
			sourceTree = "<group>";
		};
		F82E2C53283E727900E692AB /* Shared */ = {
			isa = PBXGroup;
			children = (
				F82E2C54283E727900E692AB /* iExpenseApp.swift */,
				F82E2C55283E727900E692AB /* ContentView.swift */,
				F82E2C56283E727C00E692AB /* Assets.xcassets */,
			);
			path = Shared;
			sourceTree = "<group>";
		};
		F82E2C5C283E727C00E692AB /* Products */ = {
			isa = PBXGroup;
			children = (
				F82E2C5B283E727C00E692AB /* iExpense.app */,
				F82E2C61283E727C00E692AB /* iExpense.app */,
				F82E2C68283E727C00E692AB /* Tests iOS.xctest */,
				F82E2C74283E727C00E692AB /* Tests macOS.xctest */,
			);
			name = Products;
			sourceTree = "<group>";
		};
		F82E2C62283E727C00E692AB /* macOS */ = {
			isa = PBXGroup;
			children = (
				F82E2C63283E727C00E692AB /* macOS.entitlements */,
			);
			path = macOS;
			sourceTree = "<group>";
		};
		F82E2C6B283E727C00E692AB /* Tests iOS */ = {
			isa = PBXGroup;
			children = (
				F82E2C6C283E727C00E692AB /* Tests_iOS.swift */,
				F82E2C6E283E727C00E692AB /* Tests_iOSLaunchTests.swift */,
			);
			path = "Tests iOS";
			sourceTree = "<group>";
		};
		F82E2C77283E727C00E692AB /* Tests macOS */ = {
			isa = PBXGroup;
			children = (
				F82E2C78283E727C00E692AB /* Tests_macOS.swift */,
				F82E2C7A283E727C00E692AB /* Tests_macOSLaunchTests.swift */,
			);
			path = "Tests macOS";
			sourceTree = "<group>";
		};
/* End PBXGroup section */

/* Begin PBXNativeTarget section */
		F82E2C5A283E727C00E692AB /* iExpense (iOS) */ = {
			isa = PBXNativeTarget;
			buildConfigurationList = F82E2C84283E727C00E692AB /* Build configuration list for PBXNativeTarget "iExpense (iOS)" */;
			buildPhases = (
				F82E2C57283E727C00E692AB /* Sources */,
				F82E2C58283E727C00E692AB /* Frameworks */,
				F82E2C59283E727C00E692AB /* Resources */,
			);
			buildRules = (
			);
			dependencies = (
			);
			name = "iExpense (iOS)";
			productName = "iExpense (iOS)";
			productReference = F82E2C5B283E727C00E692AB /* iExpense.app */;
			productType = "com.apple.product-type.application";
		};
		F82E2C60283E727C00E692AB /* iExpense (macOS) */ = {
			isa = PBXNativeTarget;
			buildConfigurationList = F82E2C87283E727C00E692AB /* Build configuration list for PBXNativeTarget "iExpense (macOS)" */;
			buildPhases = (
				F82E2C5D283E727C00E692AB /* Sources */,
				F82E2C5E283E727C00E692AB /* Frameworks */,
				F82E2C5F283E727C00E692AB /* Resources */,
			);
			buildRules = (
			);
			dependencies = (
			);
			name = "iExpense (macOS)";
			productName = "iExpense (macOS)";
			productReference = F82E2C61283E727C00E692AB /* iExpense.app */;
			productType = "com.apple.product-type.application";
		};
		F82E2C67283E727C00E692AB /* Tests iOS */ = {
			isa = PBXNativeTarget;
			buildConfigurationList = F82E2C8A283E727C00E692AB /* Build configuration list for PBXNativeTarget "Tests iOS" */;
			buildPhases = (
				F82E2C64283E727C00E692AB /* Sources */,
				F82E2C65283E727C00E692AB /* Frameworks */,
				F82E2C66283E727C00E692AB /* Resources */,
			);
			buildRules = (
			);
			dependencies = (
				F82E2C6A283E727C00E692AB /* PBXTargetDependency */,
			);
			name = "Tests iOS";
			productName = "Tests iOS";
			productReference = F82E2C68283E727C00E692AB /* Tests iOS.xctest */;
			productType = "com.apple.product-type.bundle.ui-testing";
		};
		F82E2C73283E727C00E692AB /* Tests macOS */ = {
			isa = PBXNativeTarget;
			buildConfigurationList = F82E2C8D283E727C00E692AB /* Build configuration list for PBXNativeTarget "Tests macOS" */;
			buildPhases = (
				F82E2C70283E727C00E692AB /* Sources */,
				F82E2C71283E727C00E692AB /* Frameworks */,
				F82E2C72283E727C00E692AB /* Resources */,
			);
			buildRules = (
			);
			dependencies = (
				F82E2C76283E727C00E692AB /* PBXTargetDependency */,
			);
			name = "Tests macOS";
			productName = "Tests macOS";
			productReference = F82E2C74283E727C00E692AB /* Tests macOS.xctest */;
			productType = "com.apple.product-type.bundle.ui-testing";
		};
/* End PBXNativeTarget section */

/* Begin PBXProject section */
		F82E2C4F283E727900E692AB /* Project object */ = {
			isa = PBXProject;
			attributes = {
				BuildIndependentTargetsInParallel = 1;
				LastSwiftUpdateCheck = 1330;
				LastUpgradeCheck = 1330;
				TargetAttributes = {
					F82E2C5A283E727C00E692AB = {
						CreatedOnToolsVersion = 13.3.1;
					};
					F82E2C60283E727C00E692AB = {
						CreatedOnToolsVersion = 13.3.1;
					};
					F82E2C67283E727C00E692AB = {
						CreatedOnToolsVersion = 13.3.1;
						TestTargetID = F82E2C5A283E727C00E692AB;
					};
					F82E2C73283E727C00E692AB = {
						CreatedOnToolsVersion = 13.3.1;
						TestTargetID = F82E2C60283E727C00E692AB;
					};
				};
			};
			buildConfigurationList = F82E2C52283E727900E692AB /* Build configuration list for PBXProject "iExpense" */;
			compatibilityVersion = "Xcode 13.0";
			developmentRegion = en;
			hasScannedForEncodings = 0;
			knownRegions = (
				en,
				Base,
			);
			mainGroup = F82E2C4E283E727900E692AB;
			productRefGroup = F82E2C5C283E727C00E692AB /* Products */;
			projectDirPath = "";
			projectRoot = "";
			targets = (
				F82E2C5A283E727C00E692AB /* iExpense (iOS) */,
				F82E2C60283E727C00E692AB /* iExpense (macOS) */,
				F82E2C67283E727C00E692AB /* Tests iOS */,
				F82E2C73283E727C00E692AB /* Tests macOS */,
			);
		};
/* End PBXProject section */

/* Begin PBXResourcesBuildPhase section */
		F82E2C59283E727C00E692AB /* Resources */ = {
			isa = PBXResourcesBuildPhase;
			buildActionMask = 2147483647;
			files = (
				F82E2C80283E727C00E692AB /* Assets.xcassets in Resources */,
			);
			runOnlyForDeploymentPostprocessing = 0;
		};
		F82E2C5F283E727C00E692AB /* Resources */ = {
			isa = PBXResourcesBuildPhase;
			buildActionMask = 2147483647;
			files = (
				F82E2C81283E727C00E692AB /* Assets.xcassets in Resources */,
			);
			runOnlyForDeploymentPostprocessing = 0;
		};
		F82E2C66283E727C00E692AB /* Resources */ = {
			isa = PBXResourcesBuildPhase;
			buildActionMask = 2147483647;
			files = (
			);
			runOnlyForDeploymentPostprocessing = 0;
		};
		F82E2C72283E727C00E692AB /* Resources */ = {
			isa = PBXResourcesBuildPhase;
			buildActionMask = 2147483647;
			files = (
			);
			runOnlyForDeploymentPostprocessing = 0;
		};
/* End PBXResourcesBuildPhase section */

/* Begin PBXSourcesBuildPhase section */
		F82E2C57283E727C00E692AB /* Sources */ = {
			isa = PBXSourcesBuildPhase;
			buildActionMask = 2147483647;
			files = (
				F82E2C7E283E727C00E692AB /* ContentView.swift in Sources */,
				F82E2C7C283E727C00E692AB /* iExpenseApp.swift in Sources */,
			);
			runOnlyForDeploymentPostprocessing = 0;
		};
		F82E2C5D283E727C00E692AB /* Sources */ = {
			isa = PBXSourcesBuildPhase;
			buildActionMask = 2147483647;
			files = (
				F82E2C7F283E727C00E692AB /* ContentView.swift in Sources */,
				F82E2C7D283E727C00E692AB /* iExpenseApp.swift in Sources */,
			);
			runOnlyForDeploymentPostprocessing = 0;
		};
		F82E2C64283E727C00E692AB /* Sources */ = {
			isa = PBXSourcesBuildPhase;
			buildActionMask = 2147483647;
			files = (
				F82E2C6F283E727C00E692AB /* Tests_iOSLaunchTests.swift in Sources */,
				F82E2C6D283E727C00E692AB /* Tests_iOS.swift in Sources */,
			);
			runOnlyForDeploymentPostprocessing = 0;
		};
		F82E2C70283E727C00E692AB /* Sources */ = {
			isa = PBXSourcesBuildPhase;
			buildActionMask = 2147483647;
			files = (
				F82E2C7B283E727C00E692AB /* Tests_macOSLaunchTests.swift in Sources */,
				F82E2C79283E727C00E692AB /* Tests_macOS.swift in Sources */,
			);
			runOnlyForDeploymentPostprocessing = 0;
		};
/* End PBXSourcesBuildPhase section */

/* Begin PBXTargetDependency section */
		F82E2C6A283E727C00E692AB /* PBXTargetDependency */ = {
			isa = PBXTargetDependency;
			target = F82E2C5A283E727C00E692AB /* iExpense (iOS) */;
			targetProxy = F82E2C69283E727C00E692AB /* PBXContainerItemProxy */;
		};
		F82E2C76283E727C00E692AB /* PBXTargetDependency */ = {
			isa = PBXTargetDependency;
			target = F82E2C60283E727C00E692AB /* iExpense (macOS) */;
			targetProxy = F82E2C75283E727C00E692AB /* PBXContainerItemProxy */;
		};
/* End PBXTargetDependency section */

/* Begin XCBuildConfiguration section */
		F82E2C82283E727C00E692AB /* Debug */ = {
			isa = XCBuildConfiguration;
			buildSettings = {
				ALWAYS_SEARCH_USER_PATHS = NO;
				CLANG_ANALYZER_NONNULL = YES;
				CLANG_ANALYZER_NUMBER_OBJECT_CONVERSION = YES_AGGRESSIVE;
				CLANG_CXX_LANGUAGE_STANDARD = "gnu++17";
				CLANG_ENABLE_MODULES = YES;
				CLANG_ENABLE_OBJC_ARC = YES;
				CLANG_ENABLE_OBJC_WEAK = YES;
				CLANG_WARN_BLOCK_CAPTURE_AUTORELEASING = YES;
				CLANG_WARN_BOOL_CONVERSION = YES;
				CLANG_WARN_COMMA = YES;
				CLANG_WARN_CONSTANT_CONVERSION = YES;
				CLANG_WARN_DEPRECATED_OBJC_IMPLEMENTATIONS = YES;
				CLANG_WARN_DIRECT_OBJC_ISA_USAGE = YES_ERROR;
				CLANG_WARN_DOCUMENTATION_COMMENTS = YES;
				CLANG_WARN_EMPTY_BODY = YES;
				CLANG_WARN_ENUM_CONVERSION = YES;
				CLANG_WARN_INFINITE_RECURSION = YES;
				CLANG_WARN_INT_CONVERSION = YES;
				CLANG_WARN_NON_LITERAL_NULL_CONVERSION = YES;
				CLANG_WARN_OBJC_IMPLICIT_RETAIN_SELF = YES;
				CLANG_WARN_OBJC_LITERAL_CONVERSION = YES;
				CLANG_WARN_OBJC_ROOT_CLASS = YES_ERROR;
				CLANG_WARN_QUOTED_INCLUDE_IN_FRAMEWORK_HEADER = YES;
				CLANG_WARN_RANGE_LOOP_ANALYSIS = YES;
				CLANG_WARN_STRICT_PROTOTYPES = YES;
				CLANG_WARN_SUSPICIOUS_MOVE = YES;
				CLANG_WARN_UNGUARDED_AVAILABILITY = YES_AGGRESSIVE;
				CLANG_WARN_UNREACHABLE_CODE = YES;
				CLANG_WARN__DUPLICATE_METHOD_MATCH = YES;
				COPY_PHASE_STRIP = NO;
				DEBUG_INFORMATION_FORMAT = dwarf;
				ENABLE_STRICT_OBJC_MSGSEND = YES;
				ENABLE_TESTABILITY = YES;
				GCC_C_LANGUAGE_STANDARD = gnu11;
				GCC_DYNAMIC_NO_PIC = NO;
				GCC_NO_COMMON_BLOCKS = YES;
				GCC_OPTIMIZATION_LEVEL = 0;
				GCC_PREPROCESSOR_DEFINITIONS = (
					"DEBUG=1",
					"$(inherited)",
				);
				GCC_WARN_64_TO_32_BIT_CONVERSION = YES;
				GCC_WARN_ABOUT_RETURN_TYPE = YES_ERROR;
				GCC_WARN_UNDECLARED_SELECTOR = YES;
				GCC_WARN_UNINITIALIZED_AUTOS = YES_AGGRESSIVE;
				GCC_WARN_UNUSED_FUNCTION = YES;
				GCC_WARN_UNUSED_VARIABLE = YES;
				MTL_ENABLE_DEBUG_INFO = INCLUDE_SOURCE;
				MTL_FAST_MATH = YES;
				ONLY_ACTIVE_ARCH = YES;
				SWIFT_ACTIVE_COMPILATION_CONDITIONS = DEBUG;
				SWIFT_OPTIMIZATION_LEVEL = "-Onone";
			};
			name = Debug;
		};
		F82E2C83283E727C00E692AB /* Release */ = {
			isa = XCBuildConfiguration;
			buildSettings = {
				ALWAYS_SEARCH_USER_PATHS = NO;
				CLANG_ANALYZER_NONNULL = YES;
				CLANG_ANALYZER_NUMBER_OBJECT_CONVERSION = YES_AGGRESSIVE;
				CLANG_CXX_LANGUAGE_STANDARD = "gnu++17";
				CLANG_ENABLE_MODULES = YES;
				CLANG_ENABLE_OBJC_ARC = YES;
				CLANG_ENABLE_OBJC_WEAK = YES;
				CLANG_WARN_BLOCK_CAPTURE_AUTORELEASING = YES;
				CLANG_WARN_BOOL_CONVERSION = YES;
				CLANG_WARN_COMMA = YES;
				CLANG_WARN_CONSTANT_CONVERSION = YES;
				CLANG_WARN_DEPRECATED_OBJC_IMPLEMENTATIONS = YES;
				CLANG_WARN_DIRECT_OBJC_ISA_USAGE = YES_ERROR;
				CLANG_WARN_DOCUMENTATION_COMMENTS = YES;
				CLANG_WARN_EMPTY_BODY = YES;
				CLANG_WARN_ENUM_CONVERSION = YES;
				CLANG_WARN_INFINITE_RECURSION = YES;
				CLANG_WARN_INT_CONVERSION = YES;
				CLANG_WARN_NON_LITERAL_NULL_CONVERSION = YES;
				CLANG_WARN_OBJC_IMPLICIT_RETAIN_SELF = YES;
				CLANG_WARN_OBJC_LITERAL_CONVERSION = YES;
				CLANG_WARN_OBJC_ROOT_CLASS = YES_ERROR;
				CLANG_WARN_QUOTED_INCLUDE_IN_FRAMEWORK_HEADER = YES;
				CLANG_WARN_RANGE_LOOP_ANALYSIS = YES;
				CLANG_WARN_STRICT_PROTOTYPES = YES;
				CLANG_WARN_SUSPICIOUS_MOVE = YES;
				CLANG_WARN_UNGUARDED_AVAILABILITY = YES_AGGRESSIVE;
				CLANG_WARN_UNREACHABLE_CODE = YES;
				CLANG_WARN__DUPLICATE_METHOD_MATCH = YES;
				COPY_PHASE_STRIP = NO;
				DEBUG_INFORMATION_FORMAT = "dwarf-with-dsym";
				ENABLE_NS_ASSERTIONS = NO;
				ENABLE_STRICT_OBJC_MSGSEND = YES;
				GCC_C_LANGUAGE_STANDARD = gnu11;
				GCC_NO_COMMON_BLOCKS = YES;
				GCC_WARN_64_TO_32_BIT_CONVERSION = YES;
				GCC_WARN_ABOUT_RETURN_TYPE = YES_ERROR;
				GCC_WARN_UNDECLARED_SELECTOR = YES;
				GCC_WARN_UNINITIALIZED_AUTOS = YES_AGGRESSIVE;
				GCC_WARN_UNUSED_FUNCTION = YES;
				GCC_WARN_UNUSED_VARIABLE = YES;
				MTL_ENABLE_DEBUG_INFO = NO;
				MTL_FAST_MATH = YES;
				SWIFT_COMPILATION_MODE = wholemodule;
				SWIFT_OPTIMIZATION_LEVEL = "-O";
			};
			name = Release;
		};
		F82E2C85283E727C00E692AB /* Debug */ = {
			isa = XCBuildConfiguration;
			buildSettings = {
				ASSETCATALOG_COMPILER_APPICON_NAME = AppIcon;
				ASSETCATALOG_COMPILER_GLOBAL_ACCENT_COLOR_NAME = AccentColor;
				CODE_SIGN_STYLE = Automatic;
				CURRENT_PROJECT_VERSION = 1;
				DEVELOPMENT_TEAM = C48T274BQ3;
				ENABLE_PREVIEWS = YES;
				GENERATE_INFOPLIST_FILE = YES;
				INFOPLIST_KEY_UIApplicationSceneManifest_Generation = YES;
				INFOPLIST_KEY_UIApplicationSupportsIndirectInputEvents = YES;
				INFOPLIST_KEY_UILaunchScreen_Generation = YES;
				INFOPLIST_KEY_UISupportedInterfaceOrientations_iPad = "UIInterfaceOrientationPortrait UIInterfaceOrientationPortraitUpsideDown UIInterfaceOrientationLandscapeLeft UIInterfaceOrientationLandscapeRight";
				INFOPLIST_KEY_UISupportedInterfaceOrientations_iPhone = "UIInterfaceOrientationPortrait UIInterfaceOrientationLandscapeLeft UIInterfaceOrientationLandscapeRight";
				IPHONEOS_DEPLOYMENT_TARGET = 15.4;
				LD_RUNPATH_SEARCH_PATHS = (
					"$(inherited)",
					"@executable_path/Frameworks",
				);
				MARKETING_VERSION = 1.0;
				PRODUCT_BUNDLE_IDENTIFIER = cup.iExpense;
				PRODUCT_NAME = iExpense;
				SDKROOT = iphoneos;
				SWIFT_EMIT_LOC_STRINGS = YES;
				SWIFT_VERSION = 5.0;
				TARGETED_DEVICE_FAMILY = "1,2";
			};
			name = Debug;
		};
		F82E2C86283E727C00E692AB /* Release */ = {
			isa = XCBuildConfiguration;
			buildSettings = {
				ASSETCATALOG_COMPILER_APPICON_NAME = AppIcon;
				ASSETCATALOG_COMPILER_GLOBAL_ACCENT_COLOR_NAME = AccentColor;
				CODE_SIGN_STYLE = Automatic;
				CURRENT_PROJECT_VERSION = 1;
				DEVELOPMENT_TEAM = C48T274BQ3;
				ENABLE_PREVIEWS = YES;
				GENERATE_INFOPLIST_FILE = YES;
				INFOPLIST_KEY_UIApplicationSceneManifest_Generation = YES;
				INFOPLIST_KEY_UIApplicationSupportsIndirectInputEvents = YES;
				INFOPLIST_KEY_UILaunchScreen_Generation = YES;
				INFOPLIST_KEY_UISupportedInterfaceOrientations_iPad = "UIInterfaceOrientationPortrait UIInterfaceOrientationPortraitUpsideDown UIInterfaceOrientationLandscapeLeft UIInterfaceOrientationLandscapeRight";
				INFOPLIST_KEY_UISupportedInterfaceOrientations_iPhone = "UIInterfaceOrientationPortrait UIInterfaceOrientationLandscapeLeft UIInterfaceOrientationLandscapeRight";
				IPHONEOS_DEPLOYMENT_TARGET = 15.4;
				LD_RUNPATH_SEARCH_PATHS = (
					"$(inherited)",
					"@executable_path/Frameworks",
				);
				MARKETING_VERSION = 1.0;
				PRODUCT_BUNDLE_IDENTIFIER = cup.iExpense;
				PRODUCT_NAME = iExpense;
				SDKROOT = iphoneos;
				SWIFT_EMIT_LOC_STRINGS = YES;
				SWIFT_VERSION = 5.0;
				TARGETED_DEVICE_FAMILY = "1,2";
				VALIDATE_PRODUCT = YES;
			};
			name = Release;
		};
		F82E2C88283E727C00E692AB /* Debug */ = {
			isa = XCBuildConfiguration;
			buildSettings = {
				ASSETCATALOG_COMPILER_APPICON_NAME = AppIcon;
				ASSETCATALOG_COMPILER_GLOBAL_ACCENT_COLOR_NAME = AccentColor;
				CODE_SIGN_ENTITLEMENTS = macOS/macOS.entitlements;
				CODE_SIGN_STYLE = Automatic;
				COMBINE_HIDPI_IMAGES = YES;
				CURRENT_PROJECT_VERSION = 1;
				DEVELOPMENT_TEAM = C48T274BQ3;
				ENABLE_HARDENED_RUNTIME = YES;
				ENABLE_PREVIEWS = YES;
				GENERATE_INFOPLIST_FILE = YES;
				INFOPLIST_KEY_NSHumanReadableCopyright = "";
				LD_RUNPATH_SEARCH_PATHS = (
					"$(inherited)",
					"@executable_path/../Frameworks",
				);
				MACOSX_DEPLOYMENT_TARGET = 12.0;
				MARKETING_VERSION = 1.0;
				PRODUCT_BUNDLE_IDENTIFIER = cup.iExpense;
				PRODUCT_NAME = iExpense;
				SDKROOT = macosx;
				SWIFT_EMIT_LOC_STRINGS = YES;
				SWIFT_VERSION = 5.0;
			};
			name = Debug;
		};
		F82E2C89283E727C00E692AB /* Release */ = {
			isa = XCBuildConfiguration;
			buildSettings = {
				ASSETCATALOG_COMPILER_APPICON_NAME = AppIcon;
				ASSETCATALOG_COMPILER_GLOBAL_ACCENT_COLOR_NAME = AccentColor;
				CODE_SIGN_ENTITLEMENTS = macOS/macOS.entitlements;
				CODE_SIGN_STYLE = Automatic;
				COMBINE_HIDPI_IMAGES = YES;
				CURRENT_PROJECT_VERSION = 1;
				DEVELOPMENT_TEAM = C48T274BQ3;
				ENABLE_HARDENED_RUNTIME = YES;
				ENABLE_PREVIEWS = YES;
				GENERATE_INFOPLIST_FILE = YES;
				INFOPLIST_KEY_NSHumanReadableCopyright = "";
				LD_RUNPATH_SEARCH_PATHS = (
					"$(inherited)",
					"@executable_path/../Frameworks",
				);
				MACOSX_DEPLOYMENT_TARGET = 12.0;
				MARKETING_VERSION = 1.0;
				PRODUCT_BUNDLE_IDENTIFIER = cup.iExpense;
				PRODUCT_NAME = iExpense;
				SDKROOT = macosx;
				SWIFT_EMIT_LOC_STRINGS = YES;
				SWIFT_VERSION = 5.0;
			};
			name = Release;
		};
		F82E2C8B283E727C00E692AB /* Debug */ = {
			isa = XCBuildConfiguration;
			buildSettings = {
				ALWAYS_EMBED_SWIFT_STANDARD_LIBRARIES = YES;
				CODE_SIGN_STYLE = Automatic;
				CURRENT_PROJECT_VERSION = 1;
				DEVELOPMENT_TEAM = C48T274BQ3;
				GENERATE_INFOPLIST_FILE = YES;
				IPHONEOS_DEPLOYMENT_TARGET = 15.4;
				MARKETING_VERSION = 1.0;
				PRODUCT_BUNDLE_IDENTIFIER = "cup.Tests-iOS";
				PRODUCT_NAME = "$(TARGET_NAME)";
				SDKROOT = iphoneos;
				SWIFT_EMIT_LOC_STRINGS = NO;
				SWIFT_VERSION = 5.0;
				TARGETED_DEVICE_FAMILY = "1,2";
				TEST_TARGET_NAME = "iExpense (iOS)";
			};
			name = Debug;
		};
		F82E2C8C283E727C00E692AB /* Release */ = {
			isa = XCBuildConfiguration;
			buildSettings = {
				ALWAYS_EMBED_SWIFT_STANDARD_LIBRARIES = YES;
				CODE_SIGN_STYLE = Automatic;
				CURRENT_PROJECT_VERSION = 1;
				DEVELOPMENT_TEAM = C48T274BQ3;
				GENERATE_INFOPLIST_FILE = YES;
				IPHONEOS_DEPLOYMENT_TARGET = 15.4;
				MARKETING_VERSION = 1.0;
				PRODUCT_BUNDLE_IDENTIFIER = "cup.Tests-iOS";
				PRODUCT_NAME = "$(TARGET_NAME)";
				SDKROOT = iphoneos;
				SWIFT_EMIT_LOC_STRINGS = NO;
				SWIFT_VERSION = 5.0;
				TARGETED_DEVICE_FAMILY = "1,2";
				TEST_TARGET_NAME = "iExpense (iOS)";
				VALIDATE_PRODUCT = YES;
			};
			name = Release;
		};
		F82E2C8E283E727C00E692AB /* Debug */ = {
			isa = XCBuildConfiguration;
			buildSettings = {
				ALWAYS_EMBED_SWIFT_STANDARD_LIBRARIES = YES;
				CODE_SIGN_STYLE = Automatic;
				CURRENT_PROJECT_VERSION = 1;
				DEVELOPMENT_TEAM = C48T274BQ3;
				GENERATE_INFOPLIST_FILE = YES;
				MACOSX_DEPLOYMENT_TARGET = 12.0;
				MARKETING_VERSION = 1.0;
				PRODUCT_BUNDLE_IDENTIFIER = "cup.Tests-macOS";
				PRODUCT_NAME = "$(TARGET_NAME)";
				SDKROOT = macosx;
				SWIFT_EMIT_LOC_STRINGS = NO;
				SWIFT_VERSION = 5.0;
				TEST_TARGET_NAME = "iExpense (macOS)";
			};
			name = Debug;
		};
		F82E2C8F283E727C00E692AB /* Release */ = {
			isa = XCBuildConfiguration;
			buildSettings = {
				ALWAYS_EMBED_SWIFT_STANDARD_LIBRARIES = YES;
				CODE_SIGN_STYLE = Automatic;
				CURRENT_PROJECT_VERSION = 1;
				DEVELOPMENT_TEAM = C48T274BQ3;
				GENERATE_INFOPLIST_FILE = YES;
				MACOSX_DEPLOYMENT_TARGET = 12.0;
				MARKETING_VERSION = 1.0;
				PRODUCT_BUNDLE_IDENTIFIER = "cup.Tests-macOS";
				PRODUCT_NAME = "$(TARGET_NAME)";
				SDKROOT = macosx;
				SWIFT_EMIT_LOC_STRINGS = NO;
				SWIFT_VERSION = 5.0;
				TEST_TARGET_NAME = "iExpense (macOS)";
			};
			name = Release;
		};
/* End XCBuildConfiguration section */

/* Begin XCConfigurationList section */
		F82E2C52283E727900E692AB /* Build configuration list for PBXProject "iExpense" */ = {
			isa = XCConfigurationList;
			buildConfigurations = (
				F82E2C82283E727C00E692AB /* Debug */,
				F82E2C83283E727C00E692AB /* Release */,
			);
			defaultConfigurationIsVisible = 0;
			defaultConfigurationName = Release;
		};
		F82E2C84283E727C00E692AB /* Build configuration list for PBXNativeTarget "iExpense (iOS)" */ = {
			isa = XCConfigurationList;
			buildConfigurations = (
				F82E2C85283E727C00E692AB /* Debug */,
				F82E2C86283E727C00E692AB /* Release */,
			);
			defaultConfigurationIsVisible = 0;
			defaultConfigurationName = Release;
		};
		F82E2C87283E727C00E692AB /* Build configuration list for PBXNativeTarget "iExpense (macOS)" */ = {
			isa = XCConfigurationList;
			buildConfigurations = (
				F82E2C88283E727C00E692AB /* Debug */,
				F82E2C89283E727C00E692AB /* Release */,
			);
			defaultConfigurationIsVisible = 0;
			defaultConfigurationName = Release;
		};
		F82E2C8A283E727C00E692AB /* Build configuration list for PBXNativeTarget "Tests iOS" */ = {
			isa = XCConfigurationList;
			buildConfigurations = (
				F82E2C8B283E727C00E692AB /* Debug */,
				F82E2C8C283E727C00E692AB /* Release */,
			);
			defaultConfigurationIsVisible = 0;
			defaultConfigurationName = Release;
		};
		F82E2C8D283E727C00E692AB /* Build configuration list for PBXNativeTarget "Tests macOS" */ = {
			isa = XCConfigurationList;
			buildConfigurations = (
				F82E2C8E283E727C00E692AB /* Debug */,
				F82E2C8F283E727C00E692AB /* Release */,
			);
			defaultConfigurationIsVisible = 0;
			defaultConfigurationName = Release;
		};
/* End XCConfigurationList section */
	};
	rootObject = F82E2C4F283E727900E692AB /* Project object */;
}
